
Microsoft Visual Studio Solution File, Format Version 12.00
# Visual Studio Version 17
VisualStudioVersion = 17.8.34525.116
MinimumVisualStudioVersion = 10.0.40219.1
Project("{FAE04EC0-301F-11D3-BF4B-00C04F79EFBC}") = "COMP003A.ASSIGNMENT4", "COMP003A.ASSIGNMENT4.csproj", "{C2956CAB-0491-4D03-9E9B-BC942209B5E8}"
EndProject
Global
	GlobalSection(SolutionConfigurationPlatforms) = preSolution
		Debug|Any CPU = Debug|Any CPU
		Release|Any CPU = Release|Any CPU
	EndGlobalSection
	GlobalSection(ProjectConfigurationPlatforms) = postSolution
		{C2956CAB-0491-4D03-9E9B-BC942209B5E8}.Debug|Any CPU.ActiveCfg = Debug|Any CPU
		{C2956CAB-0491-4D03-9E9B-BC942209B5E8}.Debug|Any CPU.Build.0 = Debug|Any CPU
		{C2956CAB-0491-4D03-9E9B-BC942209B5E8}.Release|Any CPU.ActiveCfg = Release|Any CPU
		{C2956CAB-0491-4D03-9E9B-BC942209B5E8}.Release|Any CPU.Build.0 = Release|Any CPU
	EndGlobalSection
	GlobalSection(SolutionProperties) = preSolution
		HideSolutionNode = FALSE
	EndGlobalSection
	GlobalSection(ExtensibilityGlobals) = postSolution
		SolutionGuid = {728E59A9-5660-41CC-8354-4C5067BAF8E2}
	EndGlobalSection
EndGlobal
